// !$*UTF8*$!
{
	archiveVersion = 1;
	classes = {
	};
	objectVersion = 46;
	objects = {

/* Begin PBXBuildFile section */
		9264087518DBA79F00D47375 /* DRKButtonNode.m in Sources */ = {isa = PBXBuildFile; fileRef = 9264087418DBA79F00D47375 /* DRKButtonNode.m */; };
		A9A486E018D922B6004B8D4B /* Foundation.framework in Frameworks */ = {isa = PBXBuildFile; fileRef = A9A486DF18D922B6004B8D4B /* Foundation.framework */; };
		A9A486E218D922B6004B8D4B /* CoreGraphics.framework in Frameworks */ = {isa = PBXBuildFile; fileRef = A9A486E118D922B6004B8D4B /* CoreGraphics.framework */; };
		A9A486E418D922B6004B8D4B /* UIKit.framework in Frameworks */ = {isa = PBXBuildFile; fileRef = A9A486E318D922B6004B8D4B /* UIKit.framework */; };
		A9A486E618D922B6004B8D4B /* SpriteKit.framework in Frameworks */ = {isa = PBXBuildFile; fileRef = A9A486E518D922B6004B8D4B /* SpriteKit.framework */; };
		A9A486EC18D922B6004B8D4B /* InfoPlist.strings in Resources */ = {isa = PBXBuildFile; fileRef = A9A486EA18D922B6004B8D4B /* InfoPlist.strings */; };
		A9A486EE18D922B6004B8D4B /* main.m in Sources */ = {isa = PBXBuildFile; fileRef = A9A486ED18D922B6004B8D4B /* main.m */; };
		A9A486F218D922B6004B8D4B /* AppDelegate.m in Sources */ = {isa = PBXBuildFile; fileRef = A9A486F118D922B6004B8D4B /* AppDelegate.m */; };
		A9A486F518D922B6004B8D4B /* Main.storyboard in Resources */ = {isa = PBXBuildFile; fileRef = A9A486F318D922B6004B8D4B /* Main.storyboard */; };
		A9A486F818D922B6004B8D4B /* ViewController.m in Sources */ = {isa = PBXBuildFile; fileRef = A9A486F718D922B6004B8D4B /* ViewController.m */; };
		A9A486FB18D922B6004B8D4B /* DRKMainMenuScene.m in Sources */ = {isa = PBXBuildFile; fileRef = A9A486FA18D922B6004B8D4B /* DRKMainMenuScene.m */; };
		A9A486FF18D922B7004B8D4B /* Images.xcassets in Resources */ = {isa = PBXBuildFile; fileRef = A9A486FE18D922B7004B8D4B /* Images.xcassets */; };
		A9A4870618D922B8004B8D4B /* XCTest.framework in Frameworks */ = {isa = PBXBuildFile; fileRef = A9A4870518D922B8004B8D4B /* XCTest.framework */; };
		A9A4870718D922B8004B8D4B /* Foundation.framework in Frameworks */ = {isa = PBXBuildFile; fileRef = A9A486DF18D922B6004B8D4B /* Foundation.framework */; };
		A9A4870818D922B8004B8D4B /* UIKit.framework in Frameworks */ = {isa = PBXBuildFile; fileRef = A9A486E318D922B6004B8D4B /* UIKit.framework */; };
		A9A4871018D922B8004B8D4B /* InfoPlist.strings in Resources */ = {isa = PBXBuildFile; fileRef = A9A4870E18D922B8004B8D4B /* InfoPlist.strings */; };
		A9A4871218D922B8004B8D4B /* Dr_K_appTests.m in Sources */ = {isa = PBXBuildFile; fileRef = A9A4871118D922B8004B8D4B /* Dr_K_appTests.m */; };
/* End PBXBuildFile section */

/* Begin PBXContainerItemProxy section */
		A9A4870918D922B8004B8D4B /* PBXContainerItemProxy */ = {
			isa = PBXContainerItemProxy;
			containerPortal = A9A486D418D922B5004B8D4B /* Project object */;
			proxyType = 1;
			remoteGlobalIDString = A9A486DB18D922B5004B8D4B;
			remoteInfo = Dr.K_app;
		};
/* End PBXContainerItemProxy section */

/* Begin PBXFileReference section */
		9264087318DBA79F00D47375 /* DRKButtonNode.h */ = {isa = PBXFileReference; fileEncoding = 4; lastKnownFileType = sourcecode.c.h; path = DRKButtonNode.h; sourceTree = "<group>"; };
		9264087418DBA79F00D47375 /* DRKButtonNode.m */ = {isa = PBXFileReference; fileEncoding = 4; lastKnownFileType = sourcecode.c.objc; path = DRKButtonNode.m; sourceTree = "<group>"; };
		A9A486DC18D922B6004B8D4B /* Dr.K_app.app */ = {isa = PBXFileReference; explicitFileType = wrapper.application; includeInIndex = 0; path = Dr.K_app.app; sourceTree = BUILT_PRODUCTS_DIR; };
		A9A486DF18D922B6004B8D4B /* Foundation.framework */ = {isa = PBXFileReference; lastKnownFileType = wrapper.framework; name = Foundation.framework; path = System/Library/Frameworks/Foundation.framework; sourceTree = SDKROOT; };
		A9A486E118D922B6004B8D4B /* CoreGraphics.framework */ = {isa = PBXFileReference; lastKnownFileType = wrapper.framework; name = CoreGraphics.framework; path = System/Library/Frameworks/CoreGraphics.framework; sourceTree = SDKROOT; };
		A9A486E318D922B6004B8D4B /* UIKit.framework */ = {isa = PBXFileReference; lastKnownFileType = wrapper.framework; name = UIKit.framework; path = System/Library/Frameworks/UIKit.framework; sourceTree = SDKROOT; };
		A9A486E518D922B6004B8D4B /* SpriteKit.framework */ = {isa = PBXFileReference; lastKnownFileType = wrapper.framework; name = SpriteKit.framework; path = System/Library/Frameworks/SpriteKit.framework; sourceTree = SDKROOT; };
		A9A486E918D922B6004B8D4B /* Dr.K_app-Info.plist */ = {isa = PBXFileReference; lastKnownFileType = text.plist.xml; path = "Dr.K_app-Info.plist"; sourceTree = "<group>"; };
		A9A486EB18D922B6004B8D4B /* en */ = {isa = PBXFileReference; lastKnownFileType = text.plist.strings; name = en; path = en.lproj/InfoPlist.strings; sourceTree = "<group>"; };
		A9A486ED18D922B6004B8D4B /* main.m */ = {isa = PBXFileReference; lastKnownFileType = sourcecode.c.objc; path = main.m; sourceTree = "<group>"; };
		A9A486EF18D922B6004B8D4B /* Dr.K_app-Prefix.pch */ = {isa = PBXFileReference; lastKnownFileType = sourcecode.c.h; path = "Dr.K_app-Prefix.pch"; sourceTree = "<group>"; };
		A9A486F018D922B6004B8D4B /* AppDelegate.h */ = {isa = PBXFileReference; lastKnownFileType = sourcecode.c.h; path = AppDelegate.h; sourceTree = "<group>"; };
		A9A486F118D922B6004B8D4B /* AppDelegate.m */ = {isa = PBXFileReference; lastKnownFileType = sourcecode.c.objc; path = AppDelegate.m; sourceTree = "<group>"; };
		A9A486F418D922B6004B8D4B /* Base */ = {isa = PBXFileReference; lastKnownFileType = file.storyboard; name = Base; path = Base.lproj/Main.storyboard; sourceTree = "<group>"; };
		A9A486F618D922B6004B8D4B /* ViewController.h */ = {isa = PBXFileReference; lastKnownFileType = sourcecode.c.h; path = ViewController.h; sourceTree = "<group>"; };
		A9A486F718D922B6004B8D4B /* ViewController.m */ = {isa = PBXFileReference; lastKnownFileType = sourcecode.c.objc; path = ViewController.m; sourceTree = "<group>"; };
		A9A486F918D922B6004B8D4B /* DRKMainMenuScene.h */ = {isa = PBXFileReference; lastKnownFileType = sourcecode.c.h; path = DRKMainMenuScene.h; sourceTree = "<group>"; };
		A9A486FA18D922B6004B8D4B /* DRKMainMenuScene.m */ = {isa = PBXFileReference; lastKnownFileType = sourcecode.c.objc; path = DRKMainMenuScene.m; sourceTree = "<group>"; };
		A9A486FE18D922B7004B8D4B /* Images.xcassets */ = {isa = PBXFileReference; lastKnownFileType = folder.assetcatalog; path = Images.xcassets; sourceTree = "<group>"; };
		A9A4870418D922B8004B8D4B /* Dr.K_appTests.xctest */ = {isa = PBXFileReference; explicitFileType = wrapper.cfbundle; includeInIndex = 0; path = Dr.K_appTests.xctest; sourceTree = BUILT_PRODUCTS_DIR; };
		A9A4870518D922B8004B8D4B /* XCTest.framework */ = {isa = PBXFileReference; lastKnownFileType = wrapper.framework; name = XCTest.framework; path = Library/Frameworks/XCTest.framework; sourceTree = DEVELOPER_DIR; };
		A9A4870D18D922B8004B8D4B /* Dr.K_appTests-Info.plist */ = {isa = PBXFileReference; lastKnownFileType = text.plist.xml; path = "Dr.K_appTests-Info.plist"; sourceTree = "<group>"; };
		A9A4870F18D922B8004B8D4B /* en */ = {isa = PBXFileReference; lastKnownFileType = text.plist.strings; name = en; path = en.lproj/InfoPlist.strings; sourceTree = "<group>"; };
		A9A4871118D922B8004B8D4B /* Dr_K_appTests.m */ = {isa = PBXFileReference; lastKnownFileType = sourcecode.c.objc; path = Dr_K_appTests.m; sourceTree = "<group>"; };
/* End PBXFileReference section */

/* Begin PBXFrameworksBuildPhase section */
		A9A486D918D922B5004B8D4B /* Frameworks */ = {
			isa = PBXFrameworksBuildPhase;
			buildActionMask = 2147483647;
			files = (
				A9A486E218D922B6004B8D4B /* CoreGraphics.framework in Frameworks */,
				A9A486E418D922B6004B8D4B /* UIKit.framework in Frameworks */,
				A9A486E618D922B6004B8D4B /* SpriteKit.framework in Frameworks */,
				A9A486E018D922B6004B8D4B /* Foundation.framework in Frameworks */,
			);
			runOnlyForDeploymentPostprocessing = 0;
		};
		A9A4870118D922B8004B8D4B /* Frameworks */ = {
			isa = PBXFrameworksBuildPhase;
			buildActionMask = 2147483647;
			files = (
				A9A4870618D922B8004B8D4B /* XCTest.framework in Frameworks */,
				A9A4870818D922B8004B8D4B /* UIKit.framework in Frameworks */,
				A9A4870718D922B8004B8D4B /* Foundation.framework in Frameworks */,
			);
			runOnlyForDeploymentPostprocessing = 0;
		};
/* End PBXFrameworksBuildPhase section */

/* Begin PBXGroup section */
		A9A486D318D922B4004B8D4B = {
			isa = PBXGroup;
			children = (
				A9A486E718D922B6004B8D4B /* Dr.K_app */,
				A9A4870B18D922B8004B8D4B /* Dr.K_appTests */,
				A9A486DE18D922B6004B8D4B /* Frameworks */,
				A9A486DD18D922B6004B8D4B /* Products */,
			);
			sourceTree = "<group>";
		};
		A9A486DD18D922B6004B8D4B /* Products */ = {
			isa = PBXGroup;
			children = (
				A9A486DC18D922B6004B8D4B /* Dr.K_app.app */,
				A9A4870418D922B8004B8D4B /* Dr.K_appTests.xctest */,
			);
			name = Products;
			sourceTree = "<group>";
		};
		A9A486DE18D922B6004B8D4B /* Frameworks */ = {
			isa = PBXGroup;
			children = (
				A9A486DF18D922B6004B8D4B /* Foundation.framework */,
				A9A486E118D922B6004B8D4B /* CoreGraphics.framework */,
				A9A486E318D922B6004B8D4B /* UIKit.framework */,
				A9A486E518D922B6004B8D4B /* SpriteKit.framework */,
				A9A4870518D922B8004B8D4B /* XCTest.framework */,
			);
			name = Frameworks;
			sourceTree = "<group>";
		};
		A9A486E718D922B6004B8D4B /* Dr.K_app */ = {
			isa = PBXGroup;
			children = (
				A9A486F018D922B6004B8D4B /* AppDelegate.h */,
				A9A486F118D922B6004B8D4B /* AppDelegate.m */,
				A9A486F318D922B6004B8D4B /* Main.storyboard */,
				A9A486F618D922B6004B8D4B /* ViewController.h */,
				A9A486F718D922B6004B8D4B /* ViewController.m */,
				A9A486F918D922B6004B8D4B /* DRKMainMenuScene.h */,
				A9A486FA18D922B6004B8D4B /* DRKMainMenuScene.m */,
				9264087318DBA79F00D47375 /* DRKButtonNode.h */,
				9264087418DBA79F00D47375 /* DRKButtonNode.m */,
				A9A486FE18D922B7004B8D4B /* Images.xcassets */,
				A9A486E818D922B6004B8D4B /* Supporting Files */,
			);
			path = Dr.K_app;
			sourceTree = "<group>";
		};
		A9A486E818D922B6004B8D4B /* Supporting Files */ = {
			isa = PBXGroup;
			children = (
				A9A486E918D922B6004B8D4B /* Dr.K_app-Info.plist */,
				A9A486EA18D922B6004B8D4B /* InfoPlist.strings */,
				A9A486ED18D922B6004B8D4B /* main.m */,
				A9A486EF18D922B6004B8D4B /* Dr.K_app-Prefix.pch */,
			);
			name = "Supporting Files";
			sourceTree = "<group>";
		};
		A9A4870B18D922B8004B8D4B /* Dr.K_appTests */ = {
			isa = PBXGroup;
			children = (
				A9A4871118D922B8004B8D4B /* Dr_K_appTests.m */,
				A9A4870C18D922B8004B8D4B /* Supporting Files */,
			);
			path = Dr.K_appTests;
			sourceTree = "<group>";
		};
		A9A4870C18D922B8004B8D4B /* Supporting Files */ = {
			isa = PBXGroup;
			children = (
				A9A4870D18D922B8004B8D4B /* Dr.K_appTests-Info.plist */,
				A9A4870E18D922B8004B8D4B /* InfoPlist.strings */,
			);
			name = "Supporting Files";
			sourceTree = "<group>";
		};
/* End PBXGroup section */

/* Begin PBXNativeTarget section */
		A9A486DB18D922B5004B8D4B /* Dr.K_app */ = {
			isa = PBXNativeTarget;
			buildConfigurationList = A9A4871518D922B8004B8D4B /* Build configuration list for PBXNativeTarget "Dr.K_app" */;
			buildPhases = (
				A9A486D818D922B5004B8D4B /* Sources */,
				A9A486D918D922B5004B8D4B /* Frameworks */,
				A9A486DA18D922B5004B8D4B /* Resources */,
			);
			buildRules = (
			);
			dependencies = (
			);
			name = Dr.K_app;
			productName = Dr.K_app;
			productReference = A9A486DC18D922B6004B8D4B /* Dr.K_app.app */;
			productType = "com.apple.product-type.application";
		};
		A9A4870318D922B8004B8D4B /* Dr.K_appTests */ = {
			isa = PBXNativeTarget;
			buildConfigurationList = A9A4871818D922B8004B8D4B /* Build configuration list for PBXNativeTarget "Dr.K_appTests" */;
			buildPhases = (
				A9A4870018D922B8004B8D4B /* Sources */,
				A9A4870118D922B8004B8D4B /* Frameworks */,
				A9A4870218D922B8004B8D4B /* Resources */,
			);
			buildRules = (
			);
			dependencies = (
				A9A4870A18D922B8004B8D4B /* PBXTargetDependency */,
			);
			name = Dr.K_appTests;
			productName = Dr.K_appTests;
			productReference = A9A4870418D922B8004B8D4B /* Dr.K_appTests.xctest */;
			productType = "com.apple.product-type.bundle.unit-test";
		};
/* End PBXNativeTarget section */

/* Begin PBXProject section */
		A9A486D418D922B5004B8D4B /* Project object */ = {
			isa = PBXProject;
			attributes = {
				LastUpgradeCheck = 0510;
				ORGANIZATIONNAME = "GW STEM Club";
				TargetAttributes = {
					A9A4870318D922B8004B8D4B = {
						TestTargetID = A9A486DB18D922B5004B8D4B;
					};
				};
			};
			buildConfigurationList = A9A486D718D922B5004B8D4B /* Build configuration list for PBXProject "Dr.K_app" */;
			compatibilityVersion = "Xcode 3.2";
			developmentRegion = English;
			hasScannedForEncodings = 0;
			knownRegions = (
				en,
				Base,
			);
			mainGroup = A9A486D318D922B4004B8D4B;
			productRefGroup = A9A486DD18D922B6004B8D4B /* Products */;
			projectDirPath = "";
			projectRoot = "";
			targets = (
				A9A486DB18D922B5004B8D4B /* Dr.K_app */,
				A9A4870318D922B8004B8D4B /* Dr.K_appTests */,
			);
		};
/* End PBXProject section */

/* Begin PBXResourcesBuildPhase section */
		A9A486DA18D922B5004B8D4B /* Resources */ = {
			isa = PBXResourcesBuildPhase;
			buildActionMask = 2147483647;
			files = (
				A9A486EC18D922B6004B8D4B /* InfoPlist.strings in Resources */,
				A9A486FF18D922B7004B8D4B /* Images.xcassets in Resources */,
				A9A486F518D922B6004B8D4B /* Main.storyboard in Resources */,
			);
			runOnlyForDeploymentPostprocessing = 0;
		};
		A9A4870218D922B8004B8D4B /* Resources */ = {
			isa = PBXResourcesBuildPhase;
			buildActionMask = 2147483647;
			files = (
				A9A4871018D922B8004B8D4B /* InfoPlist.strings in Resources */,
			);
			runOnlyForDeploymentPostprocessing = 0;
		};
/* End PBXResourcesBuildPhase section */

/* Begin PBXSourcesBuildPhase section */
		A9A486D818D922B5004B8D4B /* Sources */ = {
			isa = PBXSourcesBuildPhase;
			buildActionMask = 2147483647;
			files = (
				A9A486FB18D922B6004B8D4B /* DRKMainMenuScene.m in Sources */,
				A9A486F818D922B6004B8D4B /* ViewController.m in Sources */,
				A9A486F218D922B6004B8D4B /* AppDelegate.m in Sources */,
				9264087518DBA79F00D47375 /* DRKButtonNode.m in Sources */,
				A9A486EE18D922B6004B8D4B /* main.m in Sources */,
			);
			runOnlyForDeploymentPostprocessing = 0;
		};
		A9A4870018D922B8004B8D4B /* Sources */ = {
			isa = PBXSourcesBuildPhase;
			buildActionMask = 2147483647;
			files = (
				A9A4871218D922B8004B8D4B /* Dr_K_appTests.m in Sources */,
			);
			runOnlyForDeploymentPostprocessing = 0;
		};
/* End PBXSourcesBuildPhase section */

/* Begin PBXTargetDependency section */
		A9A4870A18D922B8004B8D4B /* PBXTargetDependency */ = {
			isa = PBXTargetDependency;
			target = A9A486DB18D922B5004B8D4B /* Dr.K_app */;
			targetProxy = A9A4870918D922B8004B8D4B /* PBXContainerItemProxy */;
		};
/* End PBXTargetDependency section */

/* Begin PBXVariantGroup section */
		A9A486EA18D922B6004B8D4B /* InfoPlist.strings */ = {
			isa = PBXVariantGroup;
			children = (
				A9A486EB18D922B6004B8D4B /* en */,
			);
			name = InfoPlist.strings;
			sourceTree = "<group>";
		};
		A9A486F318D922B6004B8D4B /* Main.storyboard */ = {
			isa = PBXVariantGroup;
			children = (
				A9A486F418D922B6004B8D4B /* Base */,
			);
			name = Main.storyboard;
			sourceTree = "<group>";
		};
		A9A4870E18D922B8004B8D4B /* InfoPlist.strings */ = {
			isa = PBXVariantGroup;
			children = (
				A9A4870F18D922B8004B8D4B /* en */,
			);
			name = InfoPlist.strings;
			sourceTree = "<group>";
		};
/* End PBXVariantGroup section */

/* Begin XCBuildConfiguration section */
		A9A4871318D922B8004B8D4B /* Debug */ = {
			isa = XCBuildConfiguration;
			buildSettings = {
				ALWAYS_SEARCH_USER_PATHS = NO;
				CLANG_CXX_LANGUAGE_STANDARD = "gnu++0x";
				CLANG_CXX_LIBRARY = "libc++";
				CLANG_ENABLE_MODULES = YES;
				CLANG_ENABLE_OBJC_ARC = YES;
				CLANG_WARN_BOOL_CONVERSION = YES;
				CLANG_WARN_CONSTANT_CONVERSION = YES;
				CLANG_WARN_DIRECT_OBJC_ISA_USAGE = YES_ERROR;
				CLANG_WARN_EMPTY_BODY = YES;
				CLANG_WARN_ENUM_CONVERSION = YES;
				CLANG_WARN_INT_CONVERSION = YES;
				CLANG_WARN_OBJC_ROOT_CLASS = YES_ERROR;
				CLANG_WARN__DUPLICATE_METHOD_MATCH = YES;
				"CODE_SIGN_IDENTITY[sdk=iphoneos*]" = "iPhone Developer";
				COPY_PHASE_STRIP = NO;
				GCC_C_LANGUAGE_STANDARD = gnu99;
				GCC_DYNAMIC_NO_PIC = NO;
				GCC_OPTIMIZATION_LEVEL = 0;
				GCC_PREPROCESSOR_DEFINITIONS = (
					"DEBUG=1",
					"$(inherited)",
				);
				GCC_SYMBOLS_PRIVATE_EXTERN = NO;
				GCC_WARN_64_TO_32_BIT_CONVERSION = YES;
				GCC_WARN_ABOUT_RETURN_TYPE = YES_ERROR;
				GCC_WARN_UNDECLARED_SELECTOR = YES;
				GCC_WARN_UNINITIALIZED_AUTOS = YES_AGGRESSIVE;
				GCC_WARN_UNUSED_FUNCTION = YES;
				GCC_WARN_UNUSED_VARIABLE = YES;
				IPHONEOS_DEPLOYMENT_TARGET = 7.1;
				ONLY_ACTIVE_ARCH = YES;
				SDKROOT = iphoneos;
			};
			name = Debug;
		};
		A9A4871418D922B8004B8D4B /* Release */ = {
			isa = XCBuildConfiguration;
			buildSettings = {
				ALWAYS_SEARCH_USER_PATHS = NO;
				CLANG_CXX_LANGUAGE_STANDARD = "gnu++0x";
				CLANG_CXX_LIBRARY = "libc++";
				CLANG_ENABLE_MODULES = YES;
				CLANG_ENABLE_OBJC_ARC = YES;
				CLANG_WARN_BOOL_CONVERSION = YES;
				CLANG_WARN_CONSTANT_CONVERSION = YES;
				CLANG_WARN_DIRECT_OBJC_ISA_USAGE = YES_ERROR;
				CLANG_WARN_EMPTY_BODY = YES;
				CLANG_WARN_ENUM_CONVERSION = YES;
				CLANG_WARN_INT_CONVERSION = YES;
				CLANG_WARN_OBJC_ROOT_CLASS = YES_ERROR;
				CLANG_WARN__DUPLICATE_METHOD_MATCH = YES;
				"CODE_SIGN_IDENTITY[sdk=iphoneos*]" = "iPhone Developer";
				COPY_PHASE_STRIP = YES;
				ENABLE_NS_ASSERTIONS = NO;
				GCC_C_LANGUAGE_STANDARD = gnu99;
				GCC_WARN_64_TO_32_BIT_CONVERSION = YES;
				GCC_WARN_ABOUT_RETURN_TYPE = YES_ERROR;
				GCC_WARN_UNDECLARED_SELECTOR = YES;
				GCC_WARN_UNINITIALIZED_AUTOS = YES_AGGRESSIVE;
				GCC_WARN_UNUSED_FUNCTION = YES;
				GCC_WARN_UNUSED_VARIABLE = YES;
				IPHONEOS_DEPLOYMENT_TARGET = 7.1;
				SDKROOT = iphoneos;
				VALIDATE_PRODUCT = YES;
			};
			name = Release;
		};
		A9A4871618D922B8004B8D4B /* Debug */ = {
			isa = XCBuildConfiguration;
			buildSettings = {
				ASSETCATALOG_COMPILER_APPICON_NAME = AppIcon;
				ASSETCATALOG_COMPILER_LAUNCHIMAGE_NAME = LaunchImage;
				GCC_PRECOMPILE_PREFIX_HEADER = YES;
				GCC_PREFIX_HEADER = "Dr.K_app/Dr.K_app-Prefix.pch";
				INFOPLIST_FILE = "Dr.K_app/Dr.K_app-Info.plist";
				IPHONEOS_DEPLOYMENT_TARGET = 7.0;
				PRODUCT_NAME = "$(TARGET_NAME)";
				SPRITEKIT_TEXTURE_ATLAS_OUTPUT = YES;
				WRAPPER_EXTENSION = app;
			};
			name = Debug;
		};
		A9A4871718D922B8004B8D4B /* Release */ = {
			isa = XCBuildConfiguration;
			buildSettings = {
				ASSETCATALOG_COMPILER_APPICON_NAME = AppIcon;
				ASSETCATALOG_COMPILER_LAUNCHIMAGE_NAME = LaunchImage;
				GCC_PRECOMPILE_PREFIX_HEADER = YES;
				GCC_PREFIX_HEADER = "Dr.K_app/Dr.K_app-Prefix.pch";
				INFOPLIST_FILE = "Dr.K_app/Dr.K_app-Info.plist";
				IPHONEOS_DEPLOYMENT_TARGET = 7.0;
				PRODUCT_NAME = "$(TARGET_NAME)";
				SPRITEKIT_TEXTURE_ATLAS_OUTPUT = YES;
				WRAPPER_EXTENSION = app;
			};
			name = Release;
		};
		A9A4871918D922B8004B8D4B /* Debug */ = {
			isa = XCBuildConfiguration;
			buildSettings = {
				BUNDLE_LOADER = "$(BUILT_PRODUCTS_DIR)/Dr.K_app.app/Dr.K_app";
				FRAMEWORK_SEARCH_PATHS = (
					"$(SDKROOT)/Developer/Library/Frameworks",
					"$(inherited)",
					"$(DEVELOPER_FRAMEWORKS_DIR)",
				);
				GCC_PRECOMPILE_PREFIX_HEADER = YES;
				GCC_PREFIX_HEADER = "Dr.K_app/Dr.K_app-Prefix.pch";
				GCC_PREPROCESSOR_DEFINITIONS = (
					"DEBUG=1",
					"$(inherited)",
				);
				INFOPLIST_FILE = "Dr.K_appTests/Dr.K_appTests-Info.plist";
				IPHONEOS_DEPLOYMENT_TARGET = 7.0;
				PRODUCT_NAME = "$(TARGET_NAME)";
				TEST_HOST = "$(BUNDLE_LOADER)";
				WRAPPER_EXTENSION = xctest;
			};
			name = Debug;
		};
		A9A4871A18D922B8004B8D4B /* Release */ = {
			isa = XCBuildConfiguration;
			buildSettings = {
				BUNDLE_LOADER = "$(BUILT_PRODUCTS_DIR)/Dr.K_app.app/Dr.K_app";
				FRAMEWORK_SEARCH_PATHS = (
					"$(SDKROOT)/Developer/Library/Frameworks",
					"$(inherited)",
					"$(DEVELOPER_FRAMEWORKS_DIR)",
				);
				GCC_PRECOMPILE_PREFIX_HEADER = YES;
				GCC_PREFIX_HEADER = "Dr.K_app/Dr.K_app-Prefix.pch";
				INFOPLIST_FILE = "Dr.K_appTests/Dr.K_appTests-Info.plist";
				IPHONEOS_DEPLOYMENT_TARGET = 7.0;
				PRODUCT_NAME = "$(TARGET_NAME)";
				TEST_HOST = "$(BUNDLE_LOADER)";
				WRAPPER_EXTENSION = xctest;
			};
			name = Release;
		};
/* End XCBuildConfiguration section */

/* Begin XCConfigurationList section */
		A9A486D718D922B5004B8D4B /* Build configuration list for PBXProject "Dr.K_app" */ = {
			isa = XCConfigurationList;
			buildConfigurations = (
				A9A4871318D922B8004B8D4B /* Debug */,
				A9A4871418D922B8004B8D4B /* Release */,
			);
			defaultConfigurationIsVisible = 0;
			defaultConfigurationName = Release;
		};
		A9A4871518D922B8004B8D4B /* Build configuration list for PBXNativeTarget "Dr.K_app" */ = {
			isa = XCConfigurationList;
			buildConfigurations = (
				A9A4871618D922B8004B8D4B /* Debug */,
				A9A4871718D922B8004B8D4B /* Release */,
			);
			defaultConfigurationIsVisible = 0;
			defaultConfigurationName = Release;
		};
		A9A4871818D922B8004B8D4B /* Build configuration list for PBXNativeTarget "Dr.K_appTests" */ = {
			isa = XCConfigurationList;
			buildConfigurations = (
				A9A4871918D922B8004B8D4B /* Debug */,
				A9A4871A18D922B8004B8D4B /* Release */,
			);
			defaultConfigurationIsVisible = 0;
			defaultConfigurationName = Release;
		};
/* End XCConfigurationList section */
	};
	rootObject = A9A486D418D922B5004B8D4B /* Project object */;
}
